
Microsoft Visual Studio Solution File, Format Version 12.00
# Visual Studio Version 17
VisualStudioVersion = 17.4.33213.308
MinimumVisualStudioVersion = 10.0.40219.1
Project("{FAE04EC0-301F-11D3-BF4B-00C04F79EFBC}") = "SalesOrderApi", "SalesOrderApi\SalesOrderApi.csproj", "{D62180C3-8313-4431-A29F-F313B5B816DC}"
EndProject
Project("{FAE04EC0-301F-11D3-BF4B-00C04F79EFBC}") = "SalesOrder.Domain", "SalesOrder.Domain\SalesOrder.Domain.csproj", "{63FA406E-D8A2-4CD3-A975-121E54FC4147}"
EndProject
Project("{FAE04EC0-301F-11D3-BF4B-00C04F79EFBC}") = "SalesOrder.IOC", "SalesOrder.IOC\SalesOrder.IOC.csproj", "{966F7F35-B8B7-4ED6-B5AB-8C4464270686}"
EndProject
Project("{FAE04EC0-301F-11D3-BF4B-00C04F79EFBC}") = "SalesOrder.Repository", "SalesOrder.Repository\SalesOrder.Repository.csproj", "{78C9DD78-CCCB-4F91-822F-4A39D41CB3DD}"
EndProject
Project("{FAE04EC0-301F-11D3-BF4B-00C04F79EFBC}") = "SalesOrder.Service", "SalesOrder.Service\SalesOrder.Service.csproj", "{F7DFEA80-669D-4983-925F-C9D18388B690}"
EndProject
Global
	GlobalSection(SolutionConfigurationPlatforms) = preSolution
		Debug|Any CPU = Debug|Any CPU
		Release|Any CPU = Release|Any CPU
	EndGlobalSection
	GlobalSection(ProjectConfigurationPlatforms) = postSolution
		{D62180C3-8313-4431-A29F-F313B5B816DC}.Debug|Any CPU.ActiveCfg = Debug|Any CPU
		{D62180C3-8313-4431-A29F-F313B5B816DC}.Debug|Any CPU.Build.0 = Debug|Any CPU
		{D62180C3-8313-4431-A29F-F313B5B816DC}.Release|Any CPU.ActiveCfg = Release|Any CPU
		{D62180C3-8313-4431-A29F-F313B5B816DC}.Release|Any CPU.Build.0 = Release|Any CPU
		{63FA406E-D8A2-4CD3-A975-121E54FC4147}.Debug|Any CPU.ActiveCfg = Debug|Any CPU
		{63FA406E-D8A2-4CD3-A975-121E54FC4147}.Debug|Any CPU.Build.0 = Debug|Any CPU
		{63FA406E-D8A2-4CD3-A975-121E54FC4147}.Release|Any CPU.ActiveCfg = Release|Any CPU
		{63FA406E-D8A2-4CD3-A975-121E54FC4147}.Release|Any CPU.Build.0 = Release|Any CPU
		{966F7F35-B8B7-4ED6-B5AB-8C4464270686}.Debug|Any CPU.ActiveCfg = Debug|Any CPU
		{966F7F35-B8B7-4ED6-B5AB-8C4464270686}.Debug|Any CPU.Build.0 = Debug|Any CPU
		{966F7F35-B8B7-4ED6-B5AB-8C4464270686}.Release|Any CPU.ActiveCfg = Release|Any CPU
		{966F7F35-B8B7-4ED6-B5AB-8C4464270686}.Release|Any CPU.Build.0 = Release|Any CPU
		{78C9DD78-CCCB-4F91-822F-4A39D41CB3DD}.Debug|Any CPU.ActiveCfg = Debug|Any CPU
		{78C9DD78-CCCB-4F91-822F-4A39D41CB3DD}.Debug|Any CPU.Build.0 = Debug|Any CPU
		{78C9DD78-CCCB-4F91-822F-4A39D41CB3DD}.Release|Any CPU.ActiveCfg = Release|Any CPU
		{78C9DD78-CCCB-4F91-822F-4A39D41CB3DD}.Release|Any CPU.Build.0 = Release|Any CPU
		{F7DFEA80-669D-4983-925F-C9D18388B690}.Debug|Any CPU.ActiveCfg = Debug|Any CPU
		{F7DFEA80-669D-4983-925F-C9D18388B690}.Debug|Any CPU.Build.0 = Debug|Any CPU
		{F7DFEA80-669D-4983-925F-C9D18388B690}.Release|Any CPU.ActiveCfg = Release|Any CPU
		{F7DFEA80-669D-4983-925F-C9D18388B690}.Release|Any CPU.Build.0 = Release|Any CPU
	EndGlobalSection
	GlobalSection(SolutionProperties) = preSolution
		HideSolutionNode = FALSE
	EndGlobalSection
	GlobalSection(ExtensibilityGlobals) = postSolution
		SolutionGuid = {1DAF5F0C-C305-4331-8A30-FBE298C867DE}
	EndGlobalSection
EndGlobal
